
Microsoft Visual Studio Solution File, Format Version 12.00
# Visual Studio Version 16
VisualStudioVersion = 16.0.32002.261
MinimumVisualStudioVersion = 10.0.40219.1
Project("{FAE04EC0-301F-11D3-BF4B-00C04F79EFBC}") = "Module2HW3", "Module2HW3\Module2HW3.csproj", "{272C274B-1CFC-4851-A215-19C79BC528F0}"
EndProject
Global
	GlobalSection(SolutionConfigurationPlatforms) = preSolution
		Debug|Any CPU = Debug|Any CPU
		Release|Any CPU = Release|Any CPU
	EndGlobalSection
	GlobalSection(ProjectConfigurationPlatforms) = postSolution
		{272C274B-1CFC-4851-A215-19C79BC528F0}.Debug|Any CPU.ActiveCfg = Debug|Any CPU
		{272C274B-1CFC-4851-A215-19C79BC528F0}.Debug|Any CPU.Build.0 = Debug|Any CPU
		{272C274B-1CFC-4851-A215-19C79BC528F0}.Release|Any CPU.ActiveCfg = Release|Any CPU
		{272C274B-1CFC-4851-A215-19C79BC528F0}.Release|Any CPU.Build.0 = Release|Any CPU
	EndGlobalSection
	GlobalSection(SolutionProperties) = preSolution
		HideSolutionNode = FALSE
	EndGlobalSection
	GlobalSection(ExtensibilityGlobals) = postSolution
		SolutionGuid = {617FE082-8225-42B8-AA30-CA0F62BD57A8}
	EndGlobalSection
EndGlobal
